{
    "hash": "78ec8fb33f1245b234bb689b9a50389b",
    "packages": [
        {
            "package": "eloquent/enumeration",
            "version": "2.0.1"
        }
    ],
    "packages-dev": [
        {
            "package": "phake/phake",
            "version": "1.0.2"
        }
    ],
    "aliases": [

    ],
    "minimum-stability": "stable",
    "stability-flags": [

    ]
}
