{
    "hash": "3152fcd19b24a6df0e77835996b897ea",
    "packages": [
        {
            "package": "eloquent/enumeration",
            "version": "2.0.1"
        }
    ],
    "packages-dev": [
        {
            "package": "phake/phake",
            "version": "1.0.2"
        }
    ],
    "aliases": [

    ],
    "minimum-stability": "stable",
    "stability-flags": [

    ]
}
