{
    "hash": "0c7f51eda071b9d185c3c815d23cc691",
    "packages": [
        {
            "package": "eloquent/enumeration",
            "version": "2.1.0"
        }
    ],
    "packages-dev": [
        {
            "package": "eloquent/pops",
            "version": "2.0.1"
        },
        {
            "package": "phake/phake",
            "version": "1.0.2"
        }
    ],
    "aliases": [

    ],
    "minimum-stability": "stable",
    "stability-flags": [

    ]
}
